// !$*UTF8*$!
{
	archiveVersion = 1;
	classes = {
	};
	objectVersion = 52;
	objects = {

/* Begin PBXBuildFile section */
		7E0DC17B230FCD43009B8319 /* FluxStoreObserverTests.swift in Sources */ = {isa = PBXBuildFile; fileRef = AA48E056230FC701009ABA6F /* FluxStoreObserverTests.swift */; };
		7E1509FE2301D24F00E497D7 /* ResolverContainer in Frameworks */ = {isa = PBXBuildFile; productRef = 7E1509FD2301D24F00E497D7 /* ResolverContainer */; };
		7E24883522F5DA9800517865 /* Quick in Frameworks */ = {isa = PBXBuildFile; productRef = 7E24883422F5DA9800517865 /* Quick */; };
		7E24883822F5DAA300517865 /* Nimble in Frameworks */ = {isa = PBXBuildFile; productRef = 7E24883722F5DAA300517865 /* Nimble */; };
		7E24883D22F5DACC00517865 /* FluxStore.swift in Sources */ = {isa = PBXBuildFile; fileRef = 7E24883922F5DACC00517865 /* FluxStore.swift */; };
		7E24883E22F5DACC00517865 /* FluxDispatcher.swift in Sources */ = {isa = PBXBuildFile; fileRef = 7E24883A22F5DACC00517865 /* FluxDispatcher.swift */; };
		7E24883F22F5DACC00517865 /* FluxAction.swift in Sources */ = {isa = PBXBuildFile; fileRef = 7E24883B22F5DACC00517865 /* FluxAction.swift */; };
		7E46BA0722F747AA00162C03 /* Mocks.swift in Sources */ = {isa = PBXBuildFile; fileRef = 7E46BA0622F747AA00162C03 /* Mocks.swift */; };
		7E46BA0922F7482600162C03 /* FluxMiddlewareTests.swift in Sources */ = {isa = PBXBuildFile; fileRef = 7E46BA0822F7482600162C03 /* FluxMiddlewareTests.swift */; };
		7E4E252822F73D68002C0C09 /* FluxStoreTests.swift in Sources */ = {isa = PBXBuildFile; fileRef = 7E4E252722F73D68002C0C09 /* FluxStoreTests.swift */; };
		7E6FC530230B2B7E0078609F /* FluxComposer.swift in Sources */ = {isa = PBXBuildFile; fileRef = 7E6FC52F230B2B7E0078609F /* FluxComposer.swift */; };
		7EA2A6E122F41A7000104CCA /* ClassyFlux.framework in Frameworks */ = {isa = PBXBuildFile; fileRef = 7EA2A6D722F41A7000104CCA /* ClassyFlux.framework */; };
		7EA2A6E622F41A7000104CCA /* FluxDispatcherTests.swift in Sources */ = {isa = PBXBuildFile; fileRef = 7EA2A6E522F41A7000104CCA /* FluxDispatcherTests.swift */; };
		7EA2A6E822F41A7000104CCA /* ClassyFlux.h in Headers */ = {isa = PBXBuildFile; fileRef = 7EA2A6DA22F41A7000104CCA /* ClassyFlux.h */; settings = {ATTRIBUTES = (Public, ); }; };
		7EBB251122F5FB4800FF9632 /* FluxWorker.swift in Sources */ = {isa = PBXBuildFile; fileRef = 7EBB251022F5FB4800FF9632 /* FluxWorker.swift */; };
		7EE887EC22FF3B0E001ED466 /* FluxView.swift in Sources */ = {isa = PBXBuildFile; fileRef = 7EE887EB22FF3B0E001ED466 /* FluxView.swift */; };
		7EE887EE22FF3B51001ED466 /* FluxViewTests.swift in Sources */ = {isa = PBXBuildFile; fileRef = 7EE887ED22FF3B51001ED466 /* FluxViewTests.swift */; };
		AA2AB05F230A9177002CF10D /* FluxMiddleware.swift in Sources */ = {isa = PBXBuildFile; fileRef = AA2AB05E230A9177002CF10D /* FluxMiddleware.swift */; };
		AA90C4C723126D2E00FE8D54 /* FluxEndware.swift in Sources */ = {isa = PBXBuildFile; fileRef = AA90C4C623126D2E00FE8D54 /* FluxEndware.swift */; };
		AA90C4CA2312796000FE8D54 /* FluxStoreEndwareTests.swift in Sources */ = {isa = PBXBuildFile; fileRef = AA90C4C82312790700FE8D54 /* FluxStoreEndwareTests.swift */; };
		AAED50AA2301A11B00C201B4 /* ClassyFlux.podspec in Resources */ = {isa = PBXBuildFile; fileRef = AAED50A92301A11B00C201B4 /* ClassyFlux.podspec */; };
/* End PBXBuildFile section */

/* Begin PBXContainerItemProxy section */
		7EA2A6E222F41A7000104CCA /* PBXContainerItemProxy */ = {
			isa = PBXContainerItemProxy;
			containerPortal = 7EA2A6CE22F41A7000104CCA /* Project object */;
			proxyType = 1;
			remoteGlobalIDString = 7EA2A6D622F41A7000104CCA;
			remoteInfo = Flux;
		};
/* End PBXContainerItemProxy section */

/* Begin PBXFileReference section */
		7E24883922F5DACC00517865 /* FluxStore.swift */ = {isa = PBXFileReference; fileEncoding = 4; lastKnownFileType = sourcecode.swift; path = FluxStore.swift; sourceTree = "<group>"; };
		7E24883A22F5DACC00517865 /* FluxDispatcher.swift */ = {isa = PBXFileReference; fileEncoding = 4; lastKnownFileType = sourcecode.swift; path = FluxDispatcher.swift; sourceTree = "<group>"; };
		7E24883B22F5DACC00517865 /* FluxAction.swift */ = {isa = PBXFileReference; fileEncoding = 4; lastKnownFileType = sourcecode.swift; path = FluxAction.swift; sourceTree = "<group>"; };
		7E4674C8230BB3FD004F99F3 /* LICENSE */ = {isa = PBXFileReference; lastKnownFileType = text; path = LICENSE; sourceTree = "<group>"; };
		7E46BA0622F747AA00162C03 /* Mocks.swift */ = {isa = PBXFileReference; lastKnownFileType = sourcecode.swift; path = Mocks.swift; sourceTree = "<group>"; };
		7E46BA0822F7482600162C03 /* FluxMiddlewareTests.swift */ = {isa = PBXFileReference; lastKnownFileType = sourcecode.swift; path = FluxMiddlewareTests.swift; sourceTree = "<group>"; };
		7E4E252722F73D68002C0C09 /* FluxStoreTests.swift */ = {isa = PBXFileReference; lastKnownFileType = sourcecode.swift; path = FluxStoreTests.swift; sourceTree = "<group>"; };
		7E6FC52F230B2B7E0078609F /* FluxComposer.swift */ = {isa = PBXFileReference; lastKnownFileType = sourcecode.swift; path = FluxComposer.swift; sourceTree = "<group>"; };
		7EA2A6D722F41A7000104CCA /* ClassyFlux.framework */ = {isa = PBXFileReference; explicitFileType = wrapper.framework; includeInIndex = 0; path = ClassyFlux.framework; sourceTree = BUILT_PRODUCTS_DIR; };
		7EA2A6DA22F41A7000104CCA /* ClassyFlux.h */ = {isa = PBXFileReference; lastKnownFileType = sourcecode.c.h; path = ClassyFlux.h; sourceTree = "<group>"; };
		7EA2A6DB22F41A7000104CCA /* Info.plist */ = {isa = PBXFileReference; lastKnownFileType = text.plist.xml; path = Info.plist; sourceTree = "<group>"; };
		7EA2A6E022F41A7000104CCA /* ClassyFluxTests.xctest */ = {isa = PBXFileReference; explicitFileType = wrapper.cfbundle; includeInIndex = 0; path = ClassyFluxTests.xctest; sourceTree = BUILT_PRODUCTS_DIR; };
		7EA2A6E522F41A7000104CCA /* FluxDispatcherTests.swift */ = {isa = PBXFileReference; lastKnownFileType = sourcecode.swift; path = FluxDispatcherTests.swift; sourceTree = "<group>"; };
		7EA2A6E722F41A7000104CCA /* Info.plist */ = {isa = PBXFileReference; lastKnownFileType = text.plist.xml; path = Info.plist; sourceTree = "<group>"; };
		7EA2A6F122F41AEE00104CCA /* Package.swift */ = {isa = PBXFileReference; lastKnownFileType = sourcecode.swift; path = Package.swift; sourceTree = SOURCE_ROOT; };
		7EB6F3302301D7FE00179F06 /* README.md */ = {isa = PBXFileReference; fileEncoding = 4; lastKnownFileType = net.daringfireball.markdown; path = README.md; sourceTree = "<group>"; };
		7EBB251022F5FB4800FF9632 /* FluxWorker.swift */ = {isa = PBXFileReference; lastKnownFileType = sourcecode.swift; path = FluxWorker.swift; sourceTree = "<group>"; };
		7EE887EB22FF3B0E001ED466 /* FluxView.swift */ = {isa = PBXFileReference; fileEncoding = 4; lastKnownFileType = sourcecode.swift; path = FluxView.swift; sourceTree = "<group>"; };
		7EE887ED22FF3B51001ED466 /* FluxViewTests.swift */ = {isa = PBXFileReference; lastKnownFileType = sourcecode.swift; path = FluxViewTests.swift; sourceTree = "<group>"; };
		AA2AB05E230A9177002CF10D /* FluxMiddleware.swift */ = {isa = PBXFileReference; lastKnownFileType = sourcecode.swift; path = FluxMiddleware.swift; sourceTree = "<group>"; };
		AA48E056230FC701009ABA6F /* FluxStoreObserverTests.swift */ = {isa = PBXFileReference; lastKnownFileType = sourcecode.swift; path = FluxStoreObserverTests.swift; sourceTree = "<group>"; };
		AA90C4C623126D2E00FE8D54 /* FluxEndware.swift */ = {isa = PBXFileReference; lastKnownFileType = sourcecode.swift; path = FluxEndware.swift; sourceTree = "<group>"; };
		AA90C4C82312790700FE8D54 /* FluxStoreEndwareTests.swift */ = {isa = PBXFileReference; lastKnownFileType = sourcecode.swift; path = FluxStoreEndwareTests.swift; sourceTree = "<group>"; };
		AAED50A92301A11B00C201B4 /* ClassyFlux.podspec */ = {isa = PBXFileReference; fileEncoding = 4; lastKnownFileType = text; path = ClassyFlux.podspec; sourceTree = "<group>"; };
/* End PBXFileReference section */

/* Begin PBXFrameworksBuildPhase section */
		7EA2A6D422F41A7000104CCA /* Frameworks */ = {
			isa = PBXFrameworksBuildPhase;
			buildActionMask = 2147483647;
			files = (
				7E1509FE2301D24F00E497D7 /* ResolverContainer in Frameworks */,
			);
			runOnlyForDeploymentPostprocessing = 0;
		};
		7EA2A6DD22F41A7000104CCA /* Frameworks */ = {
			isa = PBXFrameworksBuildPhase;
			buildActionMask = 2147483647;
			files = (
				7E24883822F5DAA300517865 /* Nimble in Frameworks */,
				7E24883522F5DA9800517865 /* Quick in Frameworks */,
				7EA2A6E122F41A7000104CCA /* ClassyFlux.framework in Frameworks */,
			);
			runOnlyForDeploymentPostprocessing = 0;
		};
/* End PBXFrameworksBuildPhase section */

/* Begin PBXGroup section */
		7EA2A6CD22F41A7000104CCA = {
			isa = PBXGroup;
			children = (
				7EA2A6F122F41AEE00104CCA /* Package.swift */,
				AAED50A92301A11B00C201B4 /* ClassyFlux.podspec */,
				7EB6F3302301D7FE00179F06 /* README.md */,
				7E4674C8230BB3FD004F99F3 /* LICENSE */,
				7EA2A6D922F41A7000104CCA /* Flux */,
				7EA2A6E422F41A7000104CCA /* FluxTests */,
				7EA2A6D822F41A7000104CCA /* Products */,
			);
			sourceTree = "<group>";
		};
		7EA2A6D822F41A7000104CCA /* Products */ = {
			isa = PBXGroup;
			children = (
				7EA2A6D722F41A7000104CCA /* ClassyFlux.framework */,
				7EA2A6E022F41A7000104CCA /* ClassyFluxTests.xctest */,
			);
			name = Products;
			sourceTree = "<group>";
		};
		7EA2A6D922F41A7000104CCA /* Flux */ = {
			isa = PBXGroup;
			children = (
				7E24883B22F5DACC00517865 /* FluxAction.swift */,
				7E6FC52F230B2B7E0078609F /* FluxComposer.swift */,
				7EBB251022F5FB4800FF9632 /* FluxWorker.swift */,
				7E24883A22F5DACC00517865 /* FluxDispatcher.swift */,
				AA2AB05E230A9177002CF10D /* FluxMiddleware.swift */,
				7E24883922F5DACC00517865 /* FluxStore.swift */,
				AA90C4C623126D2E00FE8D54 /* FluxEndware.swift */,
				7EE887EB22FF3B0E001ED466 /* FluxView.swift */,
				7EA2A6DA22F41A7000104CCA /* ClassyFlux.h */,
				7EA2A6DB22F41A7000104CCA /* Info.plist */,
			);
			path = Flux;
			sourceTree = "<group>";
		};
		7EA2A6E422F41A7000104CCA /* FluxTests */ = {
			isa = PBXGroup;
			children = (
				7E46BA0622F747AA00162C03 /* Mocks.swift */,
				7EA2A6E522F41A7000104CCA /* FluxDispatcherTests.swift */,
				7E46BA0822F7482600162C03 /* FluxMiddlewareTests.swift */,
				7E4E252722F73D68002C0C09 /* FluxStoreTests.swift */,
				AA90C4C82312790700FE8D54 /* FluxStoreEndwareTests.swift */,
				AA48E056230FC701009ABA6F /* FluxStoreObserverTests.swift */,
				7EE887ED22FF3B51001ED466 /* FluxViewTests.swift */,
				7EA2A6E722F41A7000104CCA /* Info.plist */,
			);
			path = FluxTests;
			sourceTree = "<group>";
		};
/* End PBXGroup section */

/* Begin PBXHeadersBuildPhase section */
		7EA2A6D222F41A7000104CCA /* Headers */ = {
			isa = PBXHeadersBuildPhase;
			buildActionMask = 2147483647;
			files = (
				7EA2A6E822F41A7000104CCA /* ClassyFlux.h in Headers */,
			);
			runOnlyForDeploymentPostprocessing = 0;
		};
/* End PBXHeadersBuildPhase section */

/* Begin PBXNativeTarget section */
		7EA2A6D622F41A7000104CCA /* ClassyFlux */ = {
			isa = PBXNativeTarget;
			buildConfigurationList = 7EA2A6EB22F41A7100104CCA /* Build configuration list for PBXNativeTarget "ClassyFlux" */;
			buildPhases = (
				7EA2A6D222F41A7000104CCA /* Headers */,
				7EA2A6D322F41A7000104CCA /* Sources */,
				7EA2A6D422F41A7000104CCA /* Frameworks */,
				7EA2A6D522F41A7000104CCA /* Resources */,
			);
			buildRules = (
			);
			dependencies = (
			);
			name = ClassyFlux;
			packageProductDependencies = (
				7E1509FD2301D24F00E497D7 /* ResolverContainer */,
			);
			productName = Flux;
			productReference = 7EA2A6D722F41A7000104CCA /* ClassyFlux.framework */;
			productType = "com.apple.product-type.framework";
		};
		7EA2A6DF22F41A7000104CCA /* ClassyFluxTests */ = {
			isa = PBXNativeTarget;
			buildConfigurationList = 7EA2A6EE22F41A7100104CCA /* Build configuration list for PBXNativeTarget "ClassyFluxTests" */;
			buildPhases = (
				7EA2A6DC22F41A7000104CCA /* Sources */,
				7EA2A6DD22F41A7000104CCA /* Frameworks */,
				7EA2A6DE22F41A7000104CCA /* Resources */,
			);
			buildRules = (
			);
			dependencies = (
				7EA2A6E322F41A7000104CCA /* PBXTargetDependency */,
			);
			name = ClassyFluxTests;
			packageProductDependencies = (
				7E24883422F5DA9800517865 /* Quick */,
				7E24883722F5DAA300517865 /* Nimble */,
			);
			productName = FluxTests;
			productReference = 7EA2A6E022F41A7000104CCA /* ClassyFluxTests.xctest */;
			productType = "com.apple.product-type.bundle.unit-test";
		};
/* End PBXNativeTarget section */

/* Begin PBXProject section */
		7EA2A6CE22F41A7000104CCA /* Project object */ = {
			isa = PBXProject;
			attributes = {
				LastSwiftUpdateCheck = 1100;
				LastUpgradeCheck = 1100;
				ORGANIZATIONNAME = "Natan Zalkin";
				TargetAttributes = {
					7EA2A6D622F41A7000104CCA = {
						CreatedOnToolsVersion = 11.0;
						LastSwiftMigration = 1100;
					};
					7EA2A6DF22F41A7000104CCA = {
						CreatedOnToolsVersion = 11.0;
					};
				};
			};
			buildConfigurationList = 7EA2A6D122F41A7000104CCA /* Build configuration list for PBXProject "ClassyFlux" */;
			compatibilityVersion = "Xcode 9.3";
			developmentRegion = en;
			hasScannedForEncodings = 0;
			knownRegions = (
				en,
				Base,
			);
			mainGroup = 7EA2A6CD22F41A7000104CCA;
			packageReferences = (
				7E24883322F5DA9800517865 /* XCRemoteSwiftPackageReference "Quick" */,
				7E24883622F5DAA300517865 /* XCRemoteSwiftPackageReference "Nimble" */,
				7E1509FC2301D24F00E497D7 /* XCRemoteSwiftPackageReference "ResolverContainer" */,
			);
			productRefGroup = 7EA2A6D822F41A7000104CCA /* Products */;
			projectDirPath = "";
			projectRoot = "";
			targets = (
				7EA2A6D622F41A7000104CCA /* ClassyFlux */,
				7EA2A6DF22F41A7000104CCA /* ClassyFluxTests */,
			);
		};
/* End PBXProject section */

/* Begin PBXResourcesBuildPhase section */
		7EA2A6D522F41A7000104CCA /* Resources */ = {
			isa = PBXResourcesBuildPhase;
			buildActionMask = 2147483647;
			files = (
			);
			runOnlyForDeploymentPostprocessing = 0;
		};
		7EA2A6DE22F41A7000104CCA /* Resources */ = {
			isa = PBXResourcesBuildPhase;
			buildActionMask = 2147483647;
			files = (
				AAED50AA2301A11B00C201B4 /* ClassyFlux.podspec in Resources */,
			);
			runOnlyForDeploymentPostprocessing = 0;
		};
/* End PBXResourcesBuildPhase section */

/* Begin PBXSourcesBuildPhase section */
		7EA2A6D322F41A7000104CCA /* Sources */ = {
			isa = PBXSourcesBuildPhase;
			buildActionMask = 2147483647;
			files = (
				7E6FC530230B2B7E0078609F /* FluxComposer.swift in Sources */,
				7EBB251122F5FB4800FF9632 /* FluxWorker.swift in Sources */,
				7EE887EC22FF3B0E001ED466 /* FluxView.swift in Sources */,
				7E24883D22F5DACC00517865 /* FluxStore.swift in Sources */,
				7E24883F22F5DACC00517865 /* FluxAction.swift in Sources */,
				AA2AB05F230A9177002CF10D /* FluxMiddleware.swift in Sources */,
				AA90C4C723126D2E00FE8D54 /* FluxEndware.swift in Sources */,
				7E24883E22F5DACC00517865 /* FluxDispatcher.swift in Sources */,
			);
			runOnlyForDeploymentPostprocessing = 0;
		};
		7EA2A6DC22F41A7000104CCA /* Sources */ = {
			isa = PBXSourcesBuildPhase;
			buildActionMask = 2147483647;
			files = (
				7E0DC17B230FCD43009B8319 /* FluxStoreObserverTests.swift in Sources */,
				AA90C4CA2312796000FE8D54 /* FluxStoreEndwareTests.swift in Sources */,
				7E46BA0922F7482600162C03 /* FluxMiddlewareTests.swift in Sources */,
				7E4E252822F73D68002C0C09 /* FluxStoreTests.swift in Sources */,
				7EA2A6E622F41A7000104CCA /* FluxDispatcherTests.swift in Sources */,
				7EE887EE22FF3B51001ED466 /* FluxViewTests.swift in Sources */,
				7E46BA0722F747AA00162C03 /* Mocks.swift in Sources */,
			);
			runOnlyForDeploymentPostprocessing = 0;
		};
/* End PBXSourcesBuildPhase section */

/* Begin PBXTargetDependency section */
		7EA2A6E322F41A7000104CCA /* PBXTargetDependency */ = {
			isa = PBXTargetDependency;
			target = 7EA2A6D622F41A7000104CCA /* ClassyFlux */;
			targetProxy = 7EA2A6E222F41A7000104CCA /* PBXContainerItemProxy */;
		};
/* End PBXTargetDependency section */

/* Begin XCBuildConfiguration section */
		7EA2A6E922F41A7100104CCA /* Debug */ = {
			isa = XCBuildConfiguration;
			buildSettings = {
				ALWAYS_SEARCH_USER_PATHS = NO;
				CLANG_ANALYZER_NONNULL = YES;
				CLANG_ANALYZER_NUMBER_OBJECT_CONVERSION = YES_AGGRESSIVE;
				CLANG_CXX_LANGUAGE_STANDARD = "gnu++14";
				CLANG_CXX_LIBRARY = "libc++";
				CLANG_ENABLE_MODULES = YES;
				CLANG_ENABLE_OBJC_ARC = YES;
				CLANG_ENABLE_OBJC_WEAK = YES;
				CLANG_WARN_BLOCK_CAPTURE_AUTORELEASING = YES;
				CLANG_WARN_BOOL_CONVERSION = YES;
				CLANG_WARN_COMMA = YES;
				CLANG_WARN_CONSTANT_CONVERSION = YES;
				CLANG_WARN_DEPRECATED_OBJC_IMPLEMENTATIONS = YES;
				CLANG_WARN_DIRECT_OBJC_ISA_USAGE = YES_ERROR;
				CLANG_WARN_DOCUMENTATION_COMMENTS = YES;
				CLANG_WARN_EMPTY_BODY = YES;
				CLANG_WARN_ENUM_CONVERSION = YES;
				CLANG_WARN_INFINITE_RECURSION = YES;
				CLANG_WARN_INT_CONVERSION = YES;
				CLANG_WARN_NON_LITERAL_NULL_CONVERSION = YES;
				CLANG_WARN_OBJC_IMPLICIT_RETAIN_SELF = YES;
				CLANG_WARN_OBJC_LITERAL_CONVERSION = YES;
				CLANG_WARN_OBJC_ROOT_CLASS = YES_ERROR;
				CLANG_WARN_RANGE_LOOP_ANALYSIS = YES;
				CLANG_WARN_STRICT_PROTOTYPES = YES;
				CLANG_WARN_SUSPICIOUS_MOVE = YES;
				CLANG_WARN_UNGUARDED_AVAILABILITY = YES_AGGRESSIVE;
				CLANG_WARN_UNREACHABLE_CODE = YES;
				CLANG_WARN__DUPLICATE_METHOD_MATCH = YES;
				COPY_PHASE_STRIP = NO;
				CURRENT_PROJECT_VERSION = 1;
				DEBUG_INFORMATION_FORMAT = dwarf;
				ENABLE_STRICT_OBJC_MSGSEND = YES;
				ENABLE_TESTABILITY = YES;
				GCC_C_LANGUAGE_STANDARD = gnu11;
				GCC_DYNAMIC_NO_PIC = NO;
				GCC_NO_COMMON_BLOCKS = YES;
				GCC_OPTIMIZATION_LEVEL = 0;
				GCC_PREPROCESSOR_DEFINITIONS = (
					"DEBUG=1",
					"$(inherited)",
				);
				GCC_WARN_64_TO_32_BIT_CONVERSION = YES;
				GCC_WARN_ABOUT_RETURN_TYPE = YES_ERROR;
				GCC_WARN_UNDECLARED_SELECTOR = YES;
				GCC_WARN_UNINITIALIZED_AUTOS = YES_AGGRESSIVE;
				GCC_WARN_UNUSED_FUNCTION = YES;
				GCC_WARN_UNUSED_VARIABLE = YES;
				IPHONEOS_DEPLOYMENT_TARGET = 11.0;
				MACOSX_DEPLOYMENT_TARGET = 10.13;
				MTL_ENABLE_DEBUG_INFO = INCLUDE_SOURCE;
				MTL_FAST_MATH = YES;
				ONLY_ACTIVE_ARCH = YES;
				SDKROOT = iphoneos;
				SUPPORTED_PLATFORMS = "iphonesimulator iphoneos macosx";
				SWIFT_ACTIVE_COMPILATION_CONDITIONS = DEBUG;
				SWIFT_OPTIMIZATION_LEVEL = "-Onone";
				VERSIONING_SYSTEM = "apple-generic";
				VERSION_INFO_PREFIX = "";
			};
			name = Debug;
		};
		7EA2A6EA22F41A7100104CCA /* Release */ = {
			isa = XCBuildConfiguration;
			buildSettings = {
				ALWAYS_SEARCH_USER_PATHS = NO;
				CLANG_ANALYZER_NONNULL = YES;
				CLANG_ANALYZER_NUMBER_OBJECT_CONVERSION = YES_AGGRESSIVE;
				CLANG_CXX_LANGUAGE_STANDARD = "gnu++14";
				CLANG_CXX_LIBRARY = "libc++";
				CLANG_ENABLE_MODULES = YES;
				CLANG_ENABLE_OBJC_ARC = YES;
				CLANG_ENABLE_OBJC_WEAK = YES;
				CLANG_WARN_BLOCK_CAPTURE_AUTORELEASING = YES;
				CLANG_WARN_BOOL_CONVERSION = YES;
				CLANG_WARN_COMMA = YES;
				CLANG_WARN_CONSTANT_CONVERSION = YES;
				CLANG_WARN_DEPRECATED_OBJC_IMPLEMENTATIONS = YES;
				CLANG_WARN_DIRECT_OBJC_ISA_USAGE = YES_ERROR;
				CLANG_WARN_DOCUMENTATION_COMMENTS = YES;
				CLANG_WARN_EMPTY_BODY = YES;
				CLANG_WARN_ENUM_CONVERSION = YES;
				CLANG_WARN_INFINITE_RECURSION = YES;
				CLANG_WARN_INT_CONVERSION = YES;
				CLANG_WARN_NON_LITERAL_NULL_CONVERSION = YES;
				CLANG_WARN_OBJC_IMPLICIT_RETAIN_SELF = YES;
				CLANG_WARN_OBJC_LITERAL_CONVERSION = YES;
				CLANG_WARN_OBJC_ROOT_CLASS = YES_ERROR;
				CLANG_WARN_RANGE_LOOP_ANALYSIS = YES;
				CLANG_WARN_STRICT_PROTOTYPES = YES;
				CLANG_WARN_SUSPICIOUS_MOVE = YES;
				CLANG_WARN_UNGUARDED_AVAILABILITY = YES_AGGRESSIVE;
				CLANG_WARN_UNREACHABLE_CODE = YES;
				CLANG_WARN__DUPLICATE_METHOD_MATCH = YES;
				COPY_PHASE_STRIP = NO;
				CURRENT_PROJECT_VERSION = 1;
				DEBUG_INFORMATION_FORMAT = "dwarf-with-dsym";
				ENABLE_NS_ASSERTIONS = NO;
				ENABLE_STRICT_OBJC_MSGSEND = YES;
				GCC_C_LANGUAGE_STANDARD = gnu11;
				GCC_NO_COMMON_BLOCKS = YES;
				GCC_WARN_64_TO_32_BIT_CONVERSION = YES;
				GCC_WARN_ABOUT_RETURN_TYPE = YES_ERROR;
				GCC_WARN_UNDECLARED_SELECTOR = YES;
				GCC_WARN_UNINITIALIZED_AUTOS = YES_AGGRESSIVE;
				GCC_WARN_UNUSED_FUNCTION = YES;
				GCC_WARN_UNUSED_VARIABLE = YES;
				IPHONEOS_DEPLOYMENT_TARGET = 11.0;
				MACOSX_DEPLOYMENT_TARGET = 10.13;
				MTL_ENABLE_DEBUG_INFO = NO;
				MTL_FAST_MATH = YES;
				SDKROOT = iphoneos;
				SUPPORTED_PLATFORMS = "iphonesimulator iphoneos macosx";
				SWIFT_COMPILATION_MODE = wholemodule;
				SWIFT_OPTIMIZATION_LEVEL = "-O";
				VALIDATE_PRODUCT = YES;
				VERSIONING_SYSTEM = "apple-generic";
				VERSION_INFO_PREFIX = "";
			};
			name = Release;
		};
		7EA2A6EC22F41A7100104CCA /* Debug */ = {
			isa = XCBuildConfiguration;
			buildSettings = {
				CLANG_ENABLE_MODULES = YES;
				CODE_SIGN_STYLE = Automatic;
				DEFINES_MODULE = YES;
				DYLIB_COMPATIBILITY_VERSION = 1;
				DYLIB_CURRENT_VERSION = 1;
				DYLIB_INSTALL_NAME_BASE = "@rpath";
				INFOPLIST_FILE = Flux/Info.plist;
				INSTALL_PATH = "$(LOCAL_LIBRARY_DIR)/Frameworks";
				IPHONEOS_DEPLOYMENT_TARGET = 11.0;
				LD_RUNPATH_SEARCH_PATHS = (
					"$(inherited)",
					"@executable_path/Frameworks",
					"@loader_path/Frameworks",
				);
				MARKETING_VERSION = 1.8.15;
				PRODUCT_BUNDLE_IDENTIFIER = org.kzlekk.ClassyFlux;
				PRODUCT_NAME = "$(TARGET_NAME:c99extidentifier)";
				SDKROOT = macosx;
				SKIP_INSTALL = YES;
				SWIFT_OPTIMIZATION_LEVEL = "-Onone";
				SWIFT_VERSION = 5.0;
				TARGETED_DEVICE_FAMILY = "1,2";
			};
			name = Debug;
		};
		7EA2A6ED22F41A7100104CCA /* Release */ = {
			isa = XCBuildConfiguration;
			buildSettings = {
				CLANG_ENABLE_MODULES = YES;
				CODE_SIGN_STYLE = Automatic;
				DEFINES_MODULE = YES;
				DYLIB_COMPATIBILITY_VERSION = 1;
				DYLIB_CURRENT_VERSION = 1;
				DYLIB_INSTALL_NAME_BASE = "@rpath";
				INFOPLIST_FILE = Flux/Info.plist;
				INSTALL_PATH = "$(LOCAL_LIBRARY_DIR)/Frameworks";
				IPHONEOS_DEPLOYMENT_TARGET = 11.0;
				LD_RUNPATH_SEARCH_PATHS = (
					"$(inherited)",
					"@executable_path/Frameworks",
					"@loader_path/Frameworks",
				);
				MARKETING_VERSION = 1.8.15;
				PRODUCT_BUNDLE_IDENTIFIER = org.kzlekk.ClassyFlux;
				PRODUCT_NAME = "$(TARGET_NAME:c99extidentifier)";
				SDKROOT = macosx;
				SKIP_INSTALL = YES;
				SWIFT_VERSION = 5.0;
				TARGETED_DEVICE_FAMILY = "1,2";
			};
			name = Release;
		};
		7EA2A6EF22F41A7100104CCA /* Debug */ = {
			isa = XCBuildConfiguration;
			buildSettings = {
				ALWAYS_EMBED_SWIFT_STANDARD_LIBRARIES = YES;
				CODE_SIGN_STYLE = Automatic;
				INFOPLIST_FILE = FluxTests/Info.plist;
				LD_RUNPATH_SEARCH_PATHS = (
					"$(inherited)",
					"@executable_path/Frameworks",
					"@loader_path/Frameworks",
				);
				PRODUCT_BUNDLE_IDENTIFIER = org.kzlekk.FluxTests;
				PRODUCT_NAME = "$(TARGET_NAME)";
				SDKROOT = macosx;
				SWIFT_VERSION = 5.0;
				TARGETED_DEVICE_FAMILY = "1,2";
			};
			name = Debug;
		};
		7EA2A6F022F41A7100104CCA /* Release */ = {
			isa = XCBuildConfiguration;
			buildSettings = {
				ALWAYS_EMBED_SWIFT_STANDARD_LIBRARIES = YES;
				CODE_SIGN_STYLE = Automatic;
				INFOPLIST_FILE = FluxTests/Info.plist;
				LD_RUNPATH_SEARCH_PATHS = (
					"$(inherited)",
					"@executable_path/Frameworks",
					"@loader_path/Frameworks",
				);
				PRODUCT_BUNDLE_IDENTIFIER = org.kzlekk.FluxTests;
				PRODUCT_NAME = "$(TARGET_NAME)";
				SDKROOT = macosx;
				SWIFT_VERSION = 5.0;
				TARGETED_DEVICE_FAMILY = "1,2";
			};
			name = Release;
		};
/* End XCBuildConfiguration section */

/* Begin XCConfigurationList section */
		7EA2A6D122F41A7000104CCA /* Build configuration list for PBXProject "ClassyFlux" */ = {
			isa = XCConfigurationList;
			buildConfigurations = (
				7EA2A6E922F41A7100104CCA /* Debug */,
				7EA2A6EA22F41A7100104CCA /* Release */,
			);
			defaultConfigurationIsVisible = 0;
			defaultConfigurationName = Release;
		};
		7EA2A6EB22F41A7100104CCA /* Build configuration list for PBXNativeTarget "ClassyFlux" */ = {
			isa = XCConfigurationList;
			buildConfigurations = (
				7EA2A6EC22F41A7100104CCA /* Debug */,
				7EA2A6ED22F41A7100104CCA /* Release */,
			);
			defaultConfigurationIsVisible = 0;
			defaultConfigurationName = Release;
		};
		7EA2A6EE22F41A7100104CCA /* Build configuration list for PBXNativeTarget "ClassyFluxTests" */ = {
			isa = XCConfigurationList;
			buildConfigurations = (
				7EA2A6EF22F41A7100104CCA /* Debug */,
				7EA2A6F022F41A7100104CCA /* Release */,
			);
			defaultConfigurationIsVisible = 0;
			defaultConfigurationName = Release;
		};
/* End XCConfigurationList section */

/* Begin XCRemoteSwiftPackageReference section */
		7E1509FC2301D24F00E497D7 /* XCRemoteSwiftPackageReference "ResolverContainer" */ = {
			isa = XCRemoteSwiftPackageReference;
			repositoryURL = "https://github.com/kzlekk/ResolverContainer.git";
			requirement = {
				kind = upToNextMajorVersion;
				minimumVersion = 1.2.2;
			};
		};
		7E24883322F5DA9800517865 /* XCRemoteSwiftPackageReference "Quick" */ = {
			isa = XCRemoteSwiftPackageReference;
			repositoryURL = "https://github.com/Quick/Quick.git";
			requirement = {
				kind = upToNextMajorVersion;
				minimumVersion = 2.1.0;
			};
		};
		7E24883622F5DAA300517865 /* XCRemoteSwiftPackageReference "Nimble" */ = {
			isa = XCRemoteSwiftPackageReference;
			repositoryURL = "https://github.com/Quick/Nimble.git";
			requirement = {
				kind = upToNextMajorVersion;
				minimumVersion = 8.0.2;
			};
		};
/* End XCRemoteSwiftPackageReference section */

/* Begin XCSwiftPackageProductDependency section */
		7E1509FD2301D24F00E497D7 /* ResolverContainer */ = {
			isa = XCSwiftPackageProductDependency;
			package = 7E1509FC2301D24F00E497D7 /* XCRemoteSwiftPackageReference "ResolverContainer" */;
			productName = ResolverContainer;
		};
		7E24883422F5DA9800517865 /* Quick */ = {
			isa = XCSwiftPackageProductDependency;
			package = 7E24883322F5DA9800517865 /* XCRemoteSwiftPackageReference "Quick" */;
			productName = Quick;
		};
		7E24883722F5DAA300517865 /* Nimble */ = {
			isa = XCSwiftPackageProductDependency;
			package = 7E24883622F5DAA300517865 /* XCRemoteSwiftPackageReference "Nimble" */;
			productName = Nimble;
		};
/* End XCSwiftPackageProductDependency section */
	};
	rootObject = 7EA2A6CE22F41A7000104CCA /* Project object */;
}
