{
  "object": {
    "pins": [
      {
        "package": "CustomOperation",
        "repositoryURL": "https://github.com/kzlekk/CustomOperation.git",
        "state": {
          "branch": null,
          "revision": "06bd709878c9bad8e7b232d63f5a9a758a5a4984",
          "version": "1.0.2"
        }
      },
      {
        "package": "Nimble",
        "repositoryURL": "https://github.com/Quick/Nimble.git",
        "state": {
          "branch": null,
          "revision": "f8657642dfdec9973efc79cc68bcef43a653a2bc",
          "version": "8.0.2"
        }
      },
      {
        "package": "Quick",
        "repositoryURL": "https://github.com/Quick/Quick.git",
        "state": {
          "branch": null,
          "revision": "94df9b449508344667e5afc7e80f8bcbff1e4c37",
          "version": "2.1.0"
        }
      },
      {
        "package": "ResolverContainer",
        "repositoryURL": "https://github.com/kzlekk/ResolverContainer.git",
        "state": {
          "branch": null,
          "revision": "43f53e2ac0335aff9978b6bd5310d435c14f97a0",
          "version": "1.2.2"
        }
      }
    ]
  },
  "version": 1
}
