{
  "object": {
    "pins": [
      {
        "package": "CustomOperation",
        "repositoryURL": "https://github.com/kzlekk/CustomOperation.git",
        "state": {
          "branch": null,
          "revision": "36701cac69c118fcc92f1e87956aaa5d217f175e",
          "version": "1.0.3"
        }
      },
      {
        "package": "Nimble",
        "repositoryURL": "https://github.com/Quick/Nimble.git",
        "state": {
          "branch": null,
          "revision": "f8657642dfdec9973efc79cc68bcef43a653a2bc",
          "version": "8.0.2"
        }
      },
      {
        "package": "Quick",
        "repositoryURL": "https://github.com/Quick/Quick.git",
        "state": {
          "branch": null,
          "revision": "94df9b449508344667e5afc7e80f8bcbff1e4c37",
          "version": "2.1.0"
        }
      },
      {
        "package": "ResolverContainer",
        "repositoryURL": "https://github.com/kzlekk/ResolverContainer.git",
        "state": {
          "branch": null,
          "revision": "3b15e3b8a3a8caced90efc672b58f059328a28e1",
          "version": "1.2.6"
        }
      }
    ]
  },
  "version": 1
}
