{
  "object": {
    "pins": [
      {
        "package": "Nimble",
        "repositoryURL": "https://github.com/Quick/Nimble.git",
        "state": {
          "branch": null,
          "revision": "f8657642dfdec9973efc79cc68bcef43a653a2bc",
          "version": "8.0.2"
        }
      },
      {
        "package": "Quick",
        "repositoryURL": "https://github.com/Quick/Quick.git",
        "state": {
          "branch": null,
          "revision": "94df9b449508344667e5afc7e80f8bcbff1e4c37",
          "version": "2.1.0"
        }
      },
      {
        "package": "ResolverContainer",
        "repositoryURL": "https://github.com/kzlekk/ResolverContainer.git",
        "state": {
          "branch": null,
          "revision": "3e2dd42b9612255c8b7a528dca3379d054ee1e11",
          "version": "1.3.0"
        }
      }
    ]
  },
  "version": 1
}
